
Microsoft Visual Studio Solution File, Format Version 12.00
# Visual Studio Version 17
VisualStudioVersion = 17.12.35707.178
MinimumVisualStudioVersion = 10.0.40219.1
Project("{FAE04EC0-301F-11D3-BF4B-00C04F79EFBC}") = "WinFormsApp1", "WinFormsApp1\WinFormsApp1.csproj", "{EC2868FF-922F-466B-9E2C-9B51F92727C0}"
EndProject
Project("{FAE04EC0-301F-11D3-BF4B-00C04F79EFBC}") = "SDP_WebAPI", "SDP_WebAPI\SDP_WebAPI.csproj", "{A286E231-15F0-4E3A-8A7C-03F7CA968603}"
EndProject
Project("{FAE04EC0-301F-11D3-BF4B-00C04F79EFBC}") = "DatabaseAccessController", "DatabaseAccessController\DatabaseAccessController.csproj", "{08F4F509-D305-4572-988E-3502ED3048F5}"
EndProject
Project("{FAE04EC0-301F-11D3-BF4B-00C04F79EFBC}") = "SDP_EntityModels", "SDP_EntityModels\SDP_EntityModels.csproj", "{03252950-5133-4E52-80E7-576F851601C5}"
EndProject
Global
	GlobalSection(SolutionConfigurationPlatforms) = preSolution
		Debug|Any CPU = Debug|Any CPU
		Release|Any CPU = Release|Any CPU
	EndGlobalSection
	GlobalSection(ProjectConfigurationPlatforms) = postSolution
		{EC2868FF-922F-466B-9E2C-9B51F92727C0}.Debug|Any CPU.ActiveCfg = Debug|Any CPU
		{EC2868FF-922F-466B-9E2C-9B51F92727C0}.Debug|Any CPU.Build.0 = Debug|Any CPU
		{EC2868FF-922F-466B-9E2C-9B51F92727C0}.Release|Any CPU.ActiveCfg = Release|Any CPU
		{EC2868FF-922F-466B-9E2C-9B51F92727C0}.Release|Any CPU.Build.0 = Release|Any CPU
		{A286E231-15F0-4E3A-8A7C-03F7CA968603}.Debug|Any CPU.ActiveCfg = Debug|Any CPU
		{A286E231-15F0-4E3A-8A7C-03F7CA968603}.Debug|Any CPU.Build.0 = Debug|Any CPU
		{A286E231-15F0-4E3A-8A7C-03F7CA968603}.Release|Any CPU.ActiveCfg = Release|Any CPU
		{A286E231-15F0-4E3A-8A7C-03F7CA968603}.Release|Any CPU.Build.0 = Release|Any CPU
		{08F4F509-D305-4572-988E-3502ED3048F5}.Debug|Any CPU.ActiveCfg = Debug|Any CPU
		{08F4F509-D305-4572-988E-3502ED3048F5}.Debug|Any CPU.Build.0 = Debug|Any CPU
		{08F4F509-D305-4572-988E-3502ED3048F5}.Release|Any CPU.ActiveCfg = Release|Any CPU
		{08F4F509-D305-4572-988E-3502ED3048F5}.Release|Any CPU.Build.0 = Release|Any CPU
		{03252950-5133-4E52-80E7-576F851601C5}.Debug|Any CPU.ActiveCfg = Debug|Any CPU
		{03252950-5133-4E52-80E7-576F851601C5}.Debug|Any CPU.Build.0 = Debug|Any CPU
		{03252950-5133-4E52-80E7-576F851601C5}.Release|Any CPU.ActiveCfg = Release|Any CPU
		{03252950-5133-4E52-80E7-576F851601C5}.Release|Any CPU.Build.0 = Release|Any CPU
	EndGlobalSection
	GlobalSection(SolutionProperties) = preSolution
		HideSolutionNode = FALSE
	EndGlobalSection
EndGlobal
